
Microsoft Visual Studio Solution File, Format Version 12.00
# Visual Studio 15
VisualStudioVersion = 15.0.27130.2010
MinimumVisualStudioVersion = 10.0.40219.1
Project("{9A19103F-16F7-4668-BE54-9A1E7A4F7556}") = "EasyTranslate", "EasyTranslate\EasyTranslate.csproj", "{D7C36ACB-0234-4836-8F08-60608E042D3A}"
EndProject
Project("{FAE04EC0-301F-11D3-BF4B-00C04F79EFBC}") = "EasyTranslate.Tests", "EasyTranslate.Tests\EasyTranslate.Tests.csproj", "{AA0334D6-9BD1-4C70-B26F-CA4D32F44773}"
EndProject
Global
	GlobalSection(SolutionConfigurationPlatforms) = preSolution
		Debug|Any CPU = Debug|Any CPU
		Debug|ARM = Debug|ARM
		Debug|x64 = Debug|x64
		Debug|x86 = Debug|x86
		Release|Any CPU = Release|Any CPU
		Release|ARM = Release|ARM
		Release|x64 = Release|x64
		Release|x86 = Release|x86
	EndGlobalSection
	GlobalSection(ProjectConfigurationPlatforms) = postSolution
		{D7C36ACB-0234-4836-8F08-60608E042D3A}.Debug|Any CPU.ActiveCfg = Debug|Any CPU
		{D7C36ACB-0234-4836-8F08-60608E042D3A}.Debug|Any CPU.Build.0 = Debug|Any CPU
		{D7C36ACB-0234-4836-8F08-60608E042D3A}.Debug|ARM.ActiveCfg = Debug|Any CPU
		{D7C36ACB-0234-4836-8F08-60608E042D3A}.Debug|ARM.Build.0 = Debug|Any CPU
		{D7C36ACB-0234-4836-8F08-60608E042D3A}.Debug|x64.ActiveCfg = Debug|Any CPU
		{D7C36ACB-0234-4836-8F08-60608E042D3A}.Debug|x64.Build.0 = Debug|Any CPU
		{D7C36ACB-0234-4836-8F08-60608E042D3A}.Debug|x86.ActiveCfg = Debug|Any CPU
		{D7C36ACB-0234-4836-8F08-60608E042D3A}.Debug|x86.Build.0 = Debug|Any CPU
		{D7C36ACB-0234-4836-8F08-60608E042D3A}.Release|Any CPU.ActiveCfg = Release|Any CPU
		{D7C36ACB-0234-4836-8F08-60608E042D3A}.Release|Any CPU.Build.0 = Release|Any CPU
		{D7C36ACB-0234-4836-8F08-60608E042D3A}.Release|ARM.ActiveCfg = Release|Any CPU
		{D7C36ACB-0234-4836-8F08-60608E042D3A}.Release|ARM.Build.0 = Release|Any CPU
		{D7C36ACB-0234-4836-8F08-60608E042D3A}.Release|x64.ActiveCfg = Release|Any CPU
		{D7C36ACB-0234-4836-8F08-60608E042D3A}.Release|x64.Build.0 = Release|Any CPU
		{D7C36ACB-0234-4836-8F08-60608E042D3A}.Release|x86.ActiveCfg = Release|Any CPU
		{D7C36ACB-0234-4836-8F08-60608E042D3A}.Release|x86.Build.0 = Release|Any CPU
		{AA0334D6-9BD1-4C70-B26F-CA4D32F44773}.Debug|Any CPU.ActiveCfg = Debug|Any CPU
		{AA0334D6-9BD1-4C70-B26F-CA4D32F44773}.Debug|Any CPU.Build.0 = Debug|Any CPU
		{AA0334D6-9BD1-4C70-B26F-CA4D32F44773}.Debug|ARM.ActiveCfg = Debug|Any CPU
		{AA0334D6-9BD1-4C70-B26F-CA4D32F44773}.Debug|ARM.Build.0 = Debug|Any CPU
		{AA0334D6-9BD1-4C70-B26F-CA4D32F44773}.Debug|x64.ActiveCfg = Debug|Any CPU
		{AA0334D6-9BD1-4C70-B26F-CA4D32F44773}.Debug|x64.Build.0 = Debug|Any CPU
		{AA0334D6-9BD1-4C70-B26F-CA4D32F44773}.Debug|x86.ActiveCfg = Debug|Any CPU
		{AA0334D6-9BD1-4C70-B26F-CA4D32F44773}.Debug|x86.Build.0 = Debug|Any CPU
		{AA0334D6-9BD1-4C70-B26F-CA4D32F44773}.Release|Any CPU.ActiveCfg = Release|Any CPU
		{AA0334D6-9BD1-4C70-B26F-CA4D32F44773}.Release|Any CPU.Build.0 = Release|Any CPU
		{AA0334D6-9BD1-4C70-B26F-CA4D32F44773}.Release|ARM.ActiveCfg = Release|Any CPU
		{AA0334D6-9BD1-4C70-B26F-CA4D32F44773}.Release|ARM.Build.0 = Release|Any CPU
		{AA0334D6-9BD1-4C70-B26F-CA4D32F44773}.Release|x64.ActiveCfg = Release|Any CPU
		{AA0334D6-9BD1-4C70-B26F-CA4D32F44773}.Release|x64.Build.0 = Release|Any CPU
		{AA0334D6-9BD1-4C70-B26F-CA4D32F44773}.Release|x86.ActiveCfg = Release|Any CPU
		{AA0334D6-9BD1-4C70-B26F-CA4D32F44773}.Release|x86.Build.0 = Release|Any CPU
	EndGlobalSection
	GlobalSection(SolutionProperties) = preSolution
		HideSolutionNode = FALSE
	EndGlobalSection
	GlobalSection(ExtensibilityGlobals) = postSolution
		SolutionGuid = {A1D42EC9-7F19-4D11-B2A8-258EF18664E5}
	EndGlobalSection
EndGlobal
